// !$*UTF8*$!
{
	archiveVersion = 1;
	classes = {
	};
	objectVersion = 50;
	objects = {

/* Begin PBXBuildFile section */
		0ED4415E67364E729CAB4EDA /* Pods_WLReqKitPodspecEdit.framework in Frameworks */ = {isa = PBXBuildFile; fileRef = 9F7FC54897F02ADA4BCDDAAA /* Pods_WLReqKitPodspecEdit.framework */; };
		6CAAF262226A47BE00C88E59 /* main.m in Sources */ = {isa = PBXBuildFile; fileRef = 6CAAF261226A47BE00C88E59 /* main.m */; };
/* End PBXBuildFile section */

/* Begin PBXCopyFilesBuildPhase section */
		6CAAF25C226A47BE00C88E59 /* CopyFiles */ = {
			isa = PBXCopyFilesBuildPhase;
			buildActionMask = 2147483647;
			dstPath = /usr/share/man/man1/;
			dstSubfolderSpec = 0;
			files = (
			);
			runOnlyForDeploymentPostprocessing = 1;
		};
/* End PBXCopyFilesBuildPhase section */

/* Begin PBXFileReference section */
		4A0513386B5BD9A7E0388363 /* Pods-WLReqKitPodspecEdit.debug.xcconfig */ = {isa = PBXFileReference; includeInIndex = 1; lastKnownFileType = text.xcconfig; name = "Pods-WLReqKitPodspecEdit.debug.xcconfig"; path = "Target Support Files/Pods-WLReqKitPodspecEdit/Pods-WLReqKitPodspecEdit.debug.xcconfig"; sourceTree = "<group>"; };
		6CAAF25E226A47BE00C88E59 /* WLReqKitPodspecEdit */ = {isa = PBXFileReference; explicitFileType = "compiled.mach-o.executable"; includeInIndex = 0; path = WLReqKitPodspecEdit; sourceTree = BUILT_PRODUCTS_DIR; };
		6CAAF261226A47BE00C88E59 /* main.m */ = {isa = PBXFileReference; lastKnownFileType = sourcecode.c.objc; path = main.m; sourceTree = "<group>"; };
		9F7FC54897F02ADA4BCDDAAA /* Pods_WLReqKitPodspecEdit.framework */ = {isa = PBXFileReference; explicitFileType = wrapper.framework; includeInIndex = 0; path = Pods_WLReqKitPodspecEdit.framework; sourceTree = BUILT_PRODUCTS_DIR; };
		FB68AF590596747F9900B298 /* Pods-WLReqKitPodspecEdit.release.xcconfig */ = {isa = PBXFileReference; includeInIndex = 1; lastKnownFileType = text.xcconfig; name = "Pods-WLReqKitPodspecEdit.release.xcconfig"; path = "Target Support Files/Pods-WLReqKitPodspecEdit/Pods-WLReqKitPodspecEdit.release.xcconfig"; sourceTree = "<group>"; };
/* End PBXFileReference section */

/* Begin PBXFrameworksBuildPhase section */
		6CAAF25B226A47BE00C88E59 /* Frameworks */ = {
			isa = PBXFrameworksBuildPhase;
			buildActionMask = 2147483647;
			files = (
				0ED4415E67364E729CAB4EDA /* Pods_WLReqKitPodspecEdit.framework in Frameworks */,
			);
			runOnlyForDeploymentPostprocessing = 0;
		};
/* End PBXFrameworksBuildPhase section */

/* Begin PBXGroup section */
		6B83D8ACF65C6CAA189F7DA7 /* Pods */ = {
			isa = PBXGroup;
			children = (
				4A0513386B5BD9A7E0388363 /* Pods-WLReqKitPodspecEdit.debug.xcconfig */,
				FB68AF590596747F9900B298 /* Pods-WLReqKitPodspecEdit.release.xcconfig */,
			);
			name = Pods;
			path = Pods;
			sourceTree = "<group>";
		};
		6CAAF255226A47BE00C88E59 = {
			isa = PBXGroup;
			children = (
				6CAAF260226A47BE00C88E59 /* WLReqKitPodspecEdit */,
				6CAAF25F226A47BE00C88E59 /* Products */,
				6B83D8ACF65C6CAA189F7DA7 /* Pods */,
				88DB9842134692760A21CA90 /* Frameworks */,
			);
			sourceTree = "<group>";
		};
		6CAAF25F226A47BE00C88E59 /* Products */ = {
			isa = PBXGroup;
			children = (
				6CAAF25E226A47BE00C88E59 /* WLReqKitPodspecEdit */,
			);
			name = Products;
			sourceTree = "<group>";
		};
		6CAAF260226A47BE00C88E59 /* WLReqKitPodspecEdit */ = {
			isa = PBXGroup;
			children = (
				6CAAF261226A47BE00C88E59 /* main.m */,
			);
			path = WLReqKitPodspecEdit;
			sourceTree = "<group>";
		};
		88DB9842134692760A21CA90 /* Frameworks */ = {
			isa = PBXGroup;
			children = (
				9F7FC54897F02ADA4BCDDAAA /* Pods_WLReqKitPodspecEdit.framework */,
			);
			name = Frameworks;
			sourceTree = "<group>";
		};
/* End PBXGroup section */

/* Begin PBXNativeTarget section */
		6CAAF25D226A47BE00C88E59 /* WLReqKitPodspecEdit */ = {
			isa = PBXNativeTarget;
			buildConfigurationList = 6CAAF265226A47BE00C88E59 /* Build configuration list for PBXNativeTarget "WLReqKitPodspecEdit" */;
			buildPhases = (
				CECCDC64A0643F3F8B2C798C /* [CP] Check Pods Manifest.lock */,
				6CAAF25A226A47BE00C88E59 /* Sources */,
				6CAAF25B226A47BE00C88E59 /* Frameworks */,
				6CAAF25C226A47BE00C88E59 /* CopyFiles */,
			);
			buildRules = (
			);
			dependencies = (
			);
			name = WLReqKitPodspecEdit;
			productName = WLReqKitPodspecEdit;
			productReference = 6CAAF25E226A47BE00C88E59 /* WLReqKitPodspecEdit */;
			productType = "com.apple.product-type.tool";
		};
/* End PBXNativeTarget section */

/* Begin PBXProject section */
		6CAAF256226A47BE00C88E59 /* Project object */ = {
			isa = PBXProject;
			attributes = {
				LastUpgradeCheck = 1020;
				ORGANIZATIONNAME = "three stone 王";
				TargetAttributes = {
					6CAAF25D226A47BE00C88E59 = {
						CreatedOnToolsVersion = 10.2;
					};
				};
			};
			buildConfigurationList = 6CAAF259226A47BE00C88E59 /* Build configuration list for PBXProject "WLReqKitPodspecEdit" */;
			compatibilityVersion = "Xcode 9.3";
			developmentRegion = en;
			hasScannedForEncodings = 0;
			knownRegions = (
				en,
			);
			mainGroup = 6CAAF255226A47BE00C88E59;
			productRefGroup = 6CAAF25F226A47BE00C88E59 /* Products */;
			projectDirPath = "";
			projectRoot = "";
			targets = (
				6CAAF25D226A47BE00C88E59 /* WLReqKitPodspecEdit */,
			);
		};
/* End PBXProject section */

/* Begin PBXShellScriptBuildPhase section */
		CECCDC64A0643F3F8B2C798C /* [CP] Check Pods Manifest.lock */ = {
			isa = PBXShellScriptBuildPhase;
			buildActionMask = 2147483647;
			files = (
			);
			inputFileListPaths = (
			);
			inputPaths = (
				"${PODS_PODFILE_DIR_PATH}/Podfile.lock",
				"${PODS_ROOT}/Manifest.lock",
			);
			name = "[CP] Check Pods Manifest.lock";
			outputFileListPaths = (
			);
			outputPaths = (
				"$(DERIVED_FILE_DIR)/Pods-WLReqKitPodspecEdit-checkManifestLockResult.txt",
			);
			runOnlyForDeploymentPostprocessing = 0;
			shellPath = /bin/sh;
			shellScript = "diff \"${PODS_PODFILE_DIR_PATH}/Podfile.lock\" \"${PODS_ROOT}/Manifest.lock\" > /dev/null\nif [ $? != 0 ] ; then\n    # print error to STDERR\n    echo \"error: The sandbox is not in sync with the Podfile.lock. Run 'pod install' or update your CocoaPods installation.\" >&2\n    exit 1\nfi\n# This output is used by Xcode 'outputs' to avoid re-running this script phase.\necho \"SUCCESS\" > \"${SCRIPT_OUTPUT_FILE_0}\"\n";
			showEnvVarsInLog = 0;
		};
/* End PBXShellScriptBuildPhase section */

/* Begin PBXSourcesBuildPhase section */
		6CAAF25A226A47BE00C88E59 /* Sources */ = {
			isa = PBXSourcesBuildPhase;
			buildActionMask = 2147483647;
			files = (
				6CAAF262226A47BE00C88E59 /* main.m in Sources */,
			);
			runOnlyForDeploymentPostprocessing = 0;
		};
/* End PBXSourcesBuildPhase section */

/* Begin XCBuildConfiguration section */
		6CAAF263226A47BE00C88E59 /* Debug */ = {
			isa = XCBuildConfiguration;
			buildSettings = {
				ALWAYS_SEARCH_USER_PATHS = NO;
				CLANG_ANALYZER_NONNULL = YES;
				CLANG_ANALYZER_NUMBER_OBJECT_CONVERSION = YES_AGGRESSIVE;
				CLANG_CXX_LANGUAGE_STANDARD = "gnu++14";
				CLANG_CXX_LIBRARY = "libc++";
				CLANG_ENABLE_MODULES = YES;
				CLANG_ENABLE_OBJC_ARC = YES;
				CLANG_ENABLE_OBJC_WEAK = YES;
				CLANG_WARN_BLOCK_CAPTURE_AUTORELEASING = YES;
				CLANG_WARN_BOOL_CONVERSION = YES;
				CLANG_WARN_COMMA = YES;
				CLANG_WARN_CONSTANT_CONVERSION = YES;
				CLANG_WARN_DEPRECATED_OBJC_IMPLEMENTATIONS = YES;
				CLANG_WARN_DIRECT_OBJC_ISA_USAGE = YES_ERROR;
				CLANG_WARN_DOCUMENTATION_COMMENTS = YES;
				CLANG_WARN_EMPTY_BODY = YES;
				CLANG_WARN_ENUM_CONVERSION = YES;
				CLANG_WARN_INFINITE_RECURSION = YES;
				CLANG_WARN_INT_CONVERSION = YES;
				CLANG_WARN_NON_LITERAL_NULL_CONVERSION = YES;
				CLANG_WARN_OBJC_IMPLICIT_RETAIN_SELF = YES;
				CLANG_WARN_OBJC_LITERAL_CONVERSION = YES;
				CLANG_WARN_OBJC_ROOT_CLASS = YES_ERROR;
				CLANG_WARN_RANGE_LOOP_ANALYSIS = YES;
				CLANG_WARN_STRICT_PROTOTYPES = YES;
				CLANG_WARN_SUSPICIOUS_MOVE = YES;
				CLANG_WARN_UNGUARDED_AVAILABILITY = YES_AGGRESSIVE;
				CLANG_WARN_UNREACHABLE_CODE = YES;
				CLANG_WARN__DUPLICATE_METHOD_MATCH = YES;
				CODE_SIGN_IDENTITY = "-";
				COPY_PHASE_STRIP = NO;
				DEBUG_INFORMATION_FORMAT = dwarf;
				ENABLE_STRICT_OBJC_MSGSEND = YES;
				ENABLE_TESTABILITY = YES;
				GCC_C_LANGUAGE_STANDARD = gnu11;
				GCC_DYNAMIC_NO_PIC = NO;
				GCC_NO_COMMON_BLOCKS = YES;
				GCC_OPTIMIZATION_LEVEL = 0;
				GCC_PREPROCESSOR_DEFINITIONS = (
					"DEBUG=1",
					"$(inherited)",
				);
				GCC_WARN_64_TO_32_BIT_CONVERSION = YES;
				GCC_WARN_ABOUT_RETURN_TYPE = YES_ERROR;
				GCC_WARN_UNDECLARED_SELECTOR = YES;
				GCC_WARN_UNINITIALIZED_AUTOS = YES_AGGRESSIVE;
				GCC_WARN_UNUSED_FUNCTION = YES;
				GCC_WARN_UNUSED_VARIABLE = YES;
				MACOSX_DEPLOYMENT_TARGET = 10.14;
				MTL_ENABLE_DEBUG_INFO = INCLUDE_SOURCE;
				MTL_FAST_MATH = YES;
				ONLY_ACTIVE_ARCH = YES;
				SDKROOT = macosx;
			};
			name = Debug;
		};
		6CAAF264226A47BE00C88E59 /* Release */ = {
			isa = XCBuildConfiguration;
			buildSettings = {
				ALWAYS_SEARCH_USER_PATHS = NO;
				CLANG_ANALYZER_NONNULL = YES;
				CLANG_ANALYZER_NUMBER_OBJECT_CONVERSION = YES_AGGRESSIVE;
				CLANG_CXX_LANGUAGE_STANDARD = "gnu++14";
				CLANG_CXX_LIBRARY = "libc++";
				CLANG_ENABLE_MODULES = YES;
				CLANG_ENABLE_OBJC_ARC = YES;
				CLANG_ENABLE_OBJC_WEAK = YES;
				CLANG_WARN_BLOCK_CAPTURE_AUTORELEASING = YES;
				CLANG_WARN_BOOL_CONVERSION = YES;
				CLANG_WARN_COMMA = YES;
				CLANG_WARN_CONSTANT_CONVERSION = YES;
				CLANG_WARN_DEPRECATED_OBJC_IMPLEMENTATIONS = YES;
				CLANG_WARN_DIRECT_OBJC_ISA_USAGE = YES_ERROR;
				CLANG_WARN_DOCUMENTATION_COMMENTS = YES;
				CLANG_WARN_EMPTY_BODY = YES;
				CLANG_WARN_ENUM_CONVERSION = YES;
				CLANG_WARN_INFINITE_RECURSION = YES;
				CLANG_WARN_INT_CONVERSION = YES;
				CLANG_WARN_NON_LITERAL_NULL_CONVERSION = YES;
				CLANG_WARN_OBJC_IMPLICIT_RETAIN_SELF = YES;
				CLANG_WARN_OBJC_LITERAL_CONVERSION = YES;
				CLANG_WARN_OBJC_ROOT_CLASS = YES_ERROR;
				CLANG_WARN_RANGE_LOOP_ANALYSIS = YES;
				CLANG_WARN_STRICT_PROTOTYPES = YES;
				CLANG_WARN_SUSPICIOUS_MOVE = YES;
				CLANG_WARN_UNGUARDED_AVAILABILITY = YES_AGGRESSIVE;
				CLANG_WARN_UNREACHABLE_CODE = YES;
				CLANG_WARN__DUPLICATE_METHOD_MATCH = YES;
				CODE_SIGN_IDENTITY = "-";
				COPY_PHASE_STRIP = NO;
				DEBUG_INFORMATION_FORMAT = "dwarf-with-dsym";
				ENABLE_NS_ASSERTIONS = NO;
				ENABLE_STRICT_OBJC_MSGSEND = YES;
				GCC_C_LANGUAGE_STANDARD = gnu11;
				GCC_NO_COMMON_BLOCKS = YES;
				GCC_WARN_64_TO_32_BIT_CONVERSION = YES;
				GCC_WARN_ABOUT_RETURN_TYPE = YES_ERROR;
				GCC_WARN_UNDECLARED_SELECTOR = YES;
				GCC_WARN_UNINITIALIZED_AUTOS = YES_AGGRESSIVE;
				GCC_WARN_UNUSED_FUNCTION = YES;
				GCC_WARN_UNUSED_VARIABLE = YES;
				MACOSX_DEPLOYMENT_TARGET = 10.14;
				MTL_ENABLE_DEBUG_INFO = NO;
				MTL_FAST_MATH = YES;
				SDKROOT = macosx;
			};
			name = Release;
		};
		6CAAF266226A47BE00C88E59 /* Debug */ = {
			isa = XCBuildConfiguration;
			baseConfigurationReference = 4A0513386B5BD9A7E0388363 /* Pods-WLReqKitPodspecEdit.debug.xcconfig */;
			buildSettings = {
				CODE_SIGN_STYLE = Automatic;
				PRODUCT_NAME = "$(TARGET_NAME)";
			};
			name = Debug;
		};
		6CAAF267226A47BE00C88E59 /* Release */ = {
			isa = XCBuildConfiguration;
			baseConfigurationReference = FB68AF590596747F9900B298 /* Pods-WLReqKitPodspecEdit.release.xcconfig */;
			buildSettings = {
				CODE_SIGN_STYLE = Automatic;
				PRODUCT_NAME = "$(TARGET_NAME)";
			};
			name = Release;
		};
/* End XCBuildConfiguration section */

/* Begin XCConfigurationList section */
		6CAAF259226A47BE00C88E59 /* Build configuration list for PBXProject "WLReqKitPodspecEdit" */ = {
			isa = XCConfigurationList;
			buildConfigurations = (
				6CAAF263226A47BE00C88E59 /* Debug */,
				6CAAF264226A47BE00C88E59 /* Release */,
			);
			defaultConfigurationIsVisible = 0;
			defaultConfigurationName = Release;
		};
		6CAAF265226A47BE00C88E59 /* Build configuration list for PBXNativeTarget "WLReqKitPodspecEdit" */ = {
			isa = XCConfigurationList;
			buildConfigurations = (
				6CAAF266226A47BE00C88E59 /* Debug */,
				6CAAF267226A47BE00C88E59 /* Release */,
			);
			defaultConfigurationIsVisible = 0;
			defaultConfigurationName = Release;
		};
/* End XCConfigurationList section */
	};
	rootObject = 6CAAF256226A47BE00C88E59 /* Project object */;
}
